{
  "name": "audiomotion-analyzer",
  "version": "4.0.0",
  "lockfileVersion": 2,
  "requires": true,
  "packages": {
    "": {
      "name": "audiomotion-analyzer",
      "version": "4.0.0",
      "license": "AGPL-3.0-or-later",
      "devDependencies": {
        "formantanalyzer": "^1.1.8"
      },
      "funding": {
        "type": "Ko-fi",
        "url": "https://ko-fi.com/hvianna"
      }
    },
    "node_modules/formantanalyzer": {
      "version": "1.1.8",
      "resolved": "https://registry.npmjs.org/formantanalyzer/-/formantanalyzer-1.1.8.tgz",
      "integrity": "sha512-w37oG13Y1i4VrF9o9A/m2Xrh6jE+Kprl2wo27XeuhLDdzsB9PVUmH6P5NQXu/FQ+X/uoyNOWz2IO8fALd/f6TQ==",
      "dev": true,
      "dependencies": {
        "numeric": "^1.2.6"
      }
    },
    "node_modules/numeric": {
      "version": "1.2.6",
      "resolved": "https://registry.npmjs.org/numeric/-/numeric-1.2.6.tgz",
      "integrity": "sha512-avBiDAP8siMa7AfJgYyuxw1oyII4z2sswS23+O+ZfV28KrtNzy0wxUFwi4f3RyM4eeeXNs1CThxR7pb5QQcMiw==",
      "dev": true
    }
  },
  "dependencies": {
    "formantanalyzer": {
      "version": "1.1.8",
      "resolved": "https://registry.npmjs.org/formantanalyzer/-/formantanalyzer-1.1.8.tgz",
      "integrity": "sha512-w37oG13Y1i4VrF9o9A/m2Xrh6jE+Kprl2wo27XeuhLDdzsB9PVUmH6P5NQXu/FQ+X/uoyNOWz2IO8fALd/f6TQ==",
      "dev": true,
      "requires": {
        "numeric": "^1.2.6"
      }
    },
    "numeric": {
      "version": "1.2.6",
      "resolved": "https://registry.npmjs.org/numeric/-/numeric-1.2.6.tgz",
      "integrity": "sha512-avBiDAP8siMa7AfJgYyuxw1oyII4z2sswS23+O+ZfV28KrtNzy0wxUFwi4f3RyM4eeeXNs1CThxR7pb5QQcMiw==",
      "dev": true
    }
  }
}
