# THIS IS AN AUTOGENERATED FILE. DO NOT EDIT THIS FILE DIRECTLY.
# yarn lockfile v1


"formantanalyzer@^1.1.8":
  "integrity" "sha512-w37oG13Y1i4VrF9o9A/m2Xrh6jE+Kprl2wo27XeuhLDdzsB9PVUmH6P5NQXu/FQ+X/uoyNOWz2IO8fALd/f6TQ=="
  "resolved" "https://registry.npmjs.org/formantanalyzer/-/formantanalyzer-1.1.8.tgz"
  "version" "1.1.8"
  dependencies:
    "numeric" "^1.2.6"

"numeric@^1.2.6":
  "integrity" "sha512-avBiDAP8siMa7AfJgYyuxw1oyII4z2sswS23+O+ZfV28KrtNzy0wxUFwi4f3RyM4eeeXNs1CThxR7pb5QQcMiw=="
  "resolved" "https://registry.npmjs.org/numeric/-/numeric-1.2.6.tgz"
  "version" "1.2.6"
